{
  "version": 4,
  "terraform_version": "0.12.29",
  "serial": 6,
  "lineage": "ff63fbc0-f637-f075-d5f1-de127d4bdb85",
  "outputs": {},
  "resources": [
    {
      "module": "module.my-instance",
      "mode": "managed",
      "type": "google_compute_instance",
      "name": "main-instance",
      "provider": "provider.google",
      "instances": [
        {
          "schema_version": 6,
          "attributes": {
            "allow_stopping_for_update": null,
            "attached_disk": [],
            "boot_disk": [
              {
                "auto_delete": true,
                "device_name": "persistent-disk-0",
                "disk_encryption_key_raw": "",
                "disk_encryption_key_sha256": "",
                "initialize_params": [
                  {
                    "image": "https://www.googleapis.com/compute/v1/projects/debian-cloud/global/images/debian-9-stretch-v20200714",
                    "labels": {},
                    "size": 10,
                    "type": "pd-standard"
                  }
                ],
                "kms_key_self_link": "",
                "mode": "READ_WRITE",
                "source": "https://www.googleapis.com/compute/v1/projects/mykubernetes-283719/zones/us-central1-a/disks/nava-terraform-instance"
              }
            ],
            "can_ip_forward": false,
            "cpu_platform": "Intel Haswell",
            "current_status": "RUNNING",
            "deletion_protection": false,
            "description": "",
            "desired_status": null,
            "enable_display": false,
            "guest_accelerator": [],
            "hostname": "",
            "id": "projects/mykubernetes-283719/zones/us-central1-a/instances/nava-terraform-instance",
            "instance_id": "2891698991765390598",
            "label_fingerprint": "42WmSpB8rSM=",
            "labels": {},
            "machine_type": "n1-standard-1",
            "metadata": {
              "foo": "bar"
            },
            "metadata_fingerprint": "8MGJ_jhrm9w=",
            "metadata_startup_script": "",
            "min_cpu_platform": "",
            "name": "nava-terraform-instance",
            "network_interface": [
              {
                "access_config": [
                  {
                    "nat_ip": "35.238.90.37",
                    "network_tier": "PREMIUM",
                    "public_ptr_domain_name": ""
                  }
                ],
                "alias_ip_range": [],
                "name": "nic0",
                "network": "https://www.googleapis.com/compute/v1/projects/mykubernetes-283719/global/networks/default",
                "network_ip": "10.128.0.15",
                "subnetwork": "https://www.googleapis.com/compute/v1/projects/mykubernetes-283719/regions/us-central1/subnetworks/default",
                "subnetwork_project": "mykubernetes-283719"
              }
            ],
            "project": "mykubernetes-283719",
            "resource_policies": [],
            "scheduling": [
              {
                "automatic_restart": true,
                "node_affinities": [],
                "on_host_maintenance": "MIGRATE",
                "preemptible": false
              }
            ],
            "scratch_disk": [
              {
                "interface": "SCSI"
              }
            ],
            "self_link": "https://www.googleapis.com/compute/v1/projects/mykubernetes-283719/zones/us-central1-a/instances/nava-terraform-instance",
            "service_account": [
              {
                "email": "296520661484-compute@developer.gserviceaccount.com",
                "scopes": [
                  "https://www.googleapis.com/auth/compute.readonly",
                  "https://www.googleapis.com/auth/devstorage.read_only",
                  "https://www.googleapis.com/auth/userinfo.email"
                ]
              }
            ],
            "shielded_instance_config": [],
            "tags": [
              "bar",
              "foo",
              "nava"
            ],
            "tags_fingerprint": "bfPCoUuiTDg=",
            "timeouts": null,
            "zone": "us-central1-a"
          },
          "private": "eyJlMmJmYjczMC1lY2FhLTExZTYtOGY4OC0zNDM2M2JjN2M0YzAiOnsiY3JlYXRlIjoxMjAwMDAwMDAwMDAwLCJkZWxldGUiOjEyMDAwMDAwMDAwMDAsInVwZGF0ZSI6MTIwMDAwMDAwMDAwMH0sInNjaGVtYV92ZXJzaW9uIjoiNiJ9"
        }
      ]
    }
  ]
}
